// !$*UTF8*$!
{
	archiveVersion = 1;
	classes = {
	};
	objectVersion = 51;
	objects = {

/* Begin PBXBuildFile section */
		0E533694348EF21ABACB923D /* Pods_cybozu_compnies_informationApp_cybozu_compnies_informationAppUITests.framework in Frameworks */ = {isa = PBXBuildFile; fileRef = 474B8973430AE1590CBB18E2 /* Pods_cybozu_compnies_informationApp_cybozu_compnies_informationAppUITests.framework */; };
		340DE90F23EC64E000127F8C /* GoogleService-Info.plist in Resources */ = {isa = PBXBuildFile; fileRef = 340DE90E23EC64E000127F8C /* GoogleService-Info.plist */; };
		34202F8123F3011400396235 /* TableViewController.swift in Sources */ = {isa = PBXBuildFile; fileRef = 34202F8023F3011400396235 /* TableViewController.swift */; };
		34219D1523F44EBB00FBB81F /* DetailViewController.swift in Sources */ = {isa = PBXBuildFile; fileRef = 34219D1423F44EBB00FBB81F /* DetailViewController.swift */; };
		344FEFBB23EB19C0008B4014 /* AppDelegate.swift in Sources */ = {isa = PBXBuildFile; fileRef = 344FEFBA23EB19C0008B4014 /* AppDelegate.swift */; };
		344FEFBD23EB19C0008B4014 /* SceneDelegate.swift in Sources */ = {isa = PBXBuildFile; fileRef = 344FEFBC23EB19C0008B4014 /* SceneDelegate.swift */; };
		344FEFBF23EB19C0008B4014 /* ViewController.swift in Sources */ = {isa = PBXBuildFile; fileRef = 344FEFBE23EB19C0008B4014 /* ViewController.swift */; };
		344FEFC223EB19C0008B4014 /* Main.storyboard in Resources */ = {isa = PBXBuildFile; fileRef = 344FEFC023EB19C0008B4014 /* Main.storyboard */; };
		344FEFC423EB19C2008B4014 /* Assets.xcassets in Resources */ = {isa = PBXBuildFile; fileRef = 344FEFC323EB19C2008B4014 /* Assets.xcassets */; };
		344FEFC723EB19C2008B4014 /* LaunchScreen.storyboard in Resources */ = {isa = PBXBuildFile; fileRef = 344FEFC523EB19C2008B4014 /* LaunchScreen.storyboard */; };
		344FEFD223EB19C2008B4014 /* cybozu_compnies_informationAppTests.swift in Sources */ = {isa = PBXBuildFile; fileRef = 344FEFD123EB19C2008B4014 /* cybozu_compnies_informationAppTests.swift */; };
		344FEFDD23EB19C2008B4014 /* cybozu_compnies_informationAppUITests.swift in Sources */ = {isa = PBXBuildFile; fileRef = 344FEFDC23EB19C2008B4014 /* cybozu_compnies_informationAppUITests.swift */; };
		4079613DBA210E5377ACD99F /* Pods_cybozu_compnies_informationAppTests.framework in Frameworks */ = {isa = PBXBuildFile; fileRef = 4816EC839026EB4391871271 /* Pods_cybozu_compnies_informationAppTests.framework */; };
		BA93095EC98A15F11F1DA73D /* Pods_cybozu_compnies_informationApp.framework in Frameworks */ = {isa = PBXBuildFile; fileRef = 0182FC3ED0049673899987D8 /* Pods_cybozu_compnies_informationApp.framework */; };
/* End PBXBuildFile section */

/* Begin PBXContainerItemProxy section */
		344FEFCE23EB19C2008B4014 /* PBXContainerItemProxy */ = {
			isa = PBXContainerItemProxy;
			containerPortal = 344FEFAF23EB19C0008B4014 /* Project object */;
			proxyType = 1;
			remoteGlobalIDString = 344FEFB623EB19C0008B4014;
			remoteInfo = cybozu_compnies_informationApp;
		};
		344FEFD923EB19C2008B4014 /* PBXContainerItemProxy */ = {
			isa = PBXContainerItemProxy;
			containerPortal = 344FEFAF23EB19C0008B4014 /* Project object */;
			proxyType = 1;
			remoteGlobalIDString = 344FEFB623EB19C0008B4014;
			remoteInfo = cybozu_compnies_informationApp;
		};
/* End PBXContainerItemProxy section */

/* Begin PBXFileReference section */
		0182FC3ED0049673899987D8 /* Pods_cybozu_compnies_informationApp.framework */ = {isa = PBXFileReference; explicitFileType = wrapper.framework; includeInIndex = 0; path = Pods_cybozu_compnies_informationApp.framework; sourceTree = BUILT_PRODUCTS_DIR; };
		1449BDE122B6F05811C0F0A9 /* Pods-cybozu_compnies_informationApp-cybozu_compnies_informationAppUITests.debug.xcconfig */ = {isa = PBXFileReference; includeInIndex = 1; lastKnownFileType = text.xcconfig; name = "Pods-cybozu_compnies_informationApp-cybozu_compnies_informationAppUITests.debug.xcconfig"; path = "Target Support Files/Pods-cybozu_compnies_informationApp-cybozu_compnies_informationAppUITests/Pods-cybozu_compnies_informationApp-cybozu_compnies_informationAppUITests.debug.xcconfig"; sourceTree = "<group>"; };
		340DE90E23EC64E000127F8C /* GoogleService-Info.plist */ = {isa = PBXFileReference; fileEncoding = 4; lastKnownFileType = text.plist.xml; path = "GoogleService-Info.plist"; sourceTree = "<group>"; };
		34202F8023F3011400396235 /* TableViewController.swift */ = {isa = PBXFileReference; lastKnownFileType = sourcecode.swift; path = TableViewController.swift; sourceTree = "<group>"; };
		34219D1423F44EBB00FBB81F /* DetailViewController.swift */ = {isa = PBXFileReference; lastKnownFileType = sourcecode.swift; path = DetailViewController.swift; sourceTree = "<group>"; };
		344FEFB723EB19C0008B4014 /* cybozu_compnies_informationApp.app */ = {isa = PBXFileReference; explicitFileType = wrapper.application; includeInIndex = 0; path = cybozu_compnies_informationApp.app; sourceTree = BUILT_PRODUCTS_DIR; };
		344FEFBA23EB19C0008B4014 /* AppDelegate.swift */ = {isa = PBXFileReference; lastKnownFileType = sourcecode.swift; path = AppDelegate.swift; sourceTree = "<group>"; };
		344FEFBC23EB19C0008B4014 /* SceneDelegate.swift */ = {isa = PBXFileReference; lastKnownFileType = sourcecode.swift; path = SceneDelegate.swift; sourceTree = "<group>"; };
		344FEFBE23EB19C0008B4014 /* ViewController.swift */ = {isa = PBXFileReference; lastKnownFileType = sourcecode.swift; path = ViewController.swift; sourceTree = "<group>"; };
		344FEFC123EB19C0008B4014 /* Base */ = {isa = PBXFileReference; lastKnownFileType = file.storyboard; name = Base; path = Base.lproj/Main.storyboard; sourceTree = "<group>"; };
		344FEFC323EB19C2008B4014 /* Assets.xcassets */ = {isa = PBXFileReference; lastKnownFileType = folder.assetcatalog; path = Assets.xcassets; sourceTree = "<group>"; };
		344FEFC623EB19C2008B4014 /* Base */ = {isa = PBXFileReference; lastKnownFileType = file.storyboard; name = Base; path = Base.lproj/LaunchScreen.storyboard; sourceTree = "<group>"; };
		344FEFC823EB19C2008B4014 /* Info.plist */ = {isa = PBXFileReference; lastKnownFileType = text.plist.xml; path = Info.plist; sourceTree = "<group>"; };
		344FEFCD23EB19C2008B4014 /* cybozu_compnies_informationAppTests.xctest */ = {isa = PBXFileReference; explicitFileType = wrapper.cfbundle; includeInIndex = 0; path = cybozu_compnies_informationAppTests.xctest; sourceTree = BUILT_PRODUCTS_DIR; };
		344FEFD123EB19C2008B4014 /* cybozu_compnies_informationAppTests.swift */ = {isa = PBXFileReference; lastKnownFileType = sourcecode.swift; path = cybozu_compnies_informationAppTests.swift; sourceTree = "<group>"; };
		344FEFD323EB19C2008B4014 /* Info.plist */ = {isa = PBXFileReference; lastKnownFileType = text.plist.xml; path = Info.plist; sourceTree = "<group>"; };
		344FEFD823EB19C2008B4014 /* cybozu_compnies_informationAppUITests.xctest */ = {isa = PBXFileReference; explicitFileType = wrapper.cfbundle; includeInIndex = 0; path = cybozu_compnies_informationAppUITests.xctest; sourceTree = BUILT_PRODUCTS_DIR; };
		344FEFDC23EB19C2008B4014 /* cybozu_compnies_informationAppUITests.swift */ = {isa = PBXFileReference; lastKnownFileType = sourcecode.swift; path = cybozu_compnies_informationAppUITests.swift; sourceTree = "<group>"; };
		344FEFDE23EB19C2008B4014 /* Info.plist */ = {isa = PBXFileReference; lastKnownFileType = text.plist.xml; path = Info.plist; sourceTree = "<group>"; };
		474B8973430AE1590CBB18E2 /* Pods_cybozu_compnies_informationApp_cybozu_compnies_informationAppUITests.framework */ = {isa = PBXFileReference; explicitFileType = wrapper.framework; includeInIndex = 0; path = Pods_cybozu_compnies_informationApp_cybozu_compnies_informationAppUITests.framework; sourceTree = BUILT_PRODUCTS_DIR; };
		4816EC839026EB4391871271 /* Pods_cybozu_compnies_informationAppTests.framework */ = {isa = PBXFileReference; explicitFileType = wrapper.framework; includeInIndex = 0; path = Pods_cybozu_compnies_informationAppTests.framework; sourceTree = BUILT_PRODUCTS_DIR; };
		701542C510A9AC3AA04E12CF /* Pods-cybozu_compnies_informationAppTests.debug.xcconfig */ = {isa = PBXFileReference; includeInIndex = 1; lastKnownFileType = text.xcconfig; name = "Pods-cybozu_compnies_informationAppTests.debug.xcconfig"; path = "Target Support Files/Pods-cybozu_compnies_informationAppTests/Pods-cybozu_compnies_informationAppTests.debug.xcconfig"; sourceTree = "<group>"; };
		7932C737A67DC993BF3C4D8D /* Pods-cybozu_compnies_informationApp-cybozu_compnies_informationAppUITests.release.xcconfig */ = {isa = PBXFileReference; includeInIndex = 1; lastKnownFileType = text.xcconfig; name = "Pods-cybozu_compnies_informationApp-cybozu_compnies_informationAppUITests.release.xcconfig"; path = "Target Support Files/Pods-cybozu_compnies_informationApp-cybozu_compnies_informationAppUITests/Pods-cybozu_compnies_informationApp-cybozu_compnies_informationAppUITests.release.xcconfig"; sourceTree = "<group>"; };
		91184C9903CBE7A9F0D03D06 /* Pods-cybozu_compnies_informationApp.debug.xcconfig */ = {isa = PBXFileReference; includeInIndex = 1; lastKnownFileType = text.xcconfig; name = "Pods-cybozu_compnies_informationApp.debug.xcconfig"; path = "Target Support Files/Pods-cybozu_compnies_informationApp/Pods-cybozu_compnies_informationApp.debug.xcconfig"; sourceTree = "<group>"; };
		CE55C4E6F7E8D26E39EBCBA6 /* Pods-cybozu_compnies_informationApp.release.xcconfig */ = {isa = PBXFileReference; includeInIndex = 1; lastKnownFileType = text.xcconfig; name = "Pods-cybozu_compnies_informationApp.release.xcconfig"; path = "Target Support Files/Pods-cybozu_compnies_informationApp/Pods-cybozu_compnies_informationApp.release.xcconfig"; sourceTree = "<group>"; };
		D31E54E714E226A0ACA4DDD8 /* Pods-cybozu_compnies_informationAppTests.release.xcconfig */ = {isa = PBXFileReference; includeInIndex = 1; lastKnownFileType = text.xcconfig; name = "Pods-cybozu_compnies_informationAppTests.release.xcconfig"; path = "Target Support Files/Pods-cybozu_compnies_informationAppTests/Pods-cybozu_compnies_informationAppTests.release.xcconfig"; sourceTree = "<group>"; };
/* End PBXFileReference section */

/* Begin PBXFrameworksBuildPhase section */
		344FEFB423EB19C0008B4014 /* Frameworks */ = {
			isa = PBXFrameworksBuildPhase;
			buildActionMask = 2147483647;
			files = (
				BA93095EC98A15F11F1DA73D /* Pods_cybozu_compnies_informationApp.framework in Frameworks */,
			);
			runOnlyForDeploymentPostprocessing = 0;
		};
		344FEFCA23EB19C2008B4014 /* Frameworks */ = {
			isa = PBXFrameworksBuildPhase;
			buildActionMask = 2147483647;
			files = (
				4079613DBA210E5377ACD99F /* Pods_cybozu_compnies_informationAppTests.framework in Frameworks */,
			);
			runOnlyForDeploymentPostprocessing = 0;
		};
		344FEFD523EB19C2008B4014 /* Frameworks */ = {
			isa = PBXFrameworksBuildPhase;
			buildActionMask = 2147483647;
			files = (
				0E533694348EF21ABACB923D /* Pods_cybozu_compnies_informationApp_cybozu_compnies_informationAppUITests.framework in Frameworks */,
			);
			runOnlyForDeploymentPostprocessing = 0;
		};
/* End PBXFrameworksBuildPhase section */

/* Begin PBXGroup section */
		23F8D050E757790F6A81A63C /* Pods */ = {
			isa = PBXGroup;
			children = (
				91184C9903CBE7A9F0D03D06 /* Pods-cybozu_compnies_informationApp.debug.xcconfig */,
				CE55C4E6F7E8D26E39EBCBA6 /* Pods-cybozu_compnies_informationApp.release.xcconfig */,
				1449BDE122B6F05811C0F0A9 /* Pods-cybozu_compnies_informationApp-cybozu_compnies_informationAppUITests.debug.xcconfig */,
				7932C737A67DC993BF3C4D8D /* Pods-cybozu_compnies_informationApp-cybozu_compnies_informationAppUITests.release.xcconfig */,
				701542C510A9AC3AA04E12CF /* Pods-cybozu_compnies_informationAppTests.debug.xcconfig */,
				D31E54E714E226A0ACA4DDD8 /* Pods-cybozu_compnies_informationAppTests.release.xcconfig */,
			);
			path = Pods;
			sourceTree = "<group>";
		};
		344FEFAE23EB19C0008B4014 = {
			isa = PBXGroup;
			children = (
				344FEFB923EB19C0008B4014 /* cybozu_compnies_informationApp */,
				344FEFD023EB19C2008B4014 /* cybozu_compnies_informationAppTests */,
				344FEFDB23EB19C2008B4014 /* cybozu_compnies_informationAppUITests */,
				344FEFB823EB19C0008B4014 /* Products */,
				23F8D050E757790F6A81A63C /* Pods */,
				3D3A035ADAC4531F623C7C6A /* Frameworks */,
			);
			sourceTree = "<group>";
		};
		344FEFB823EB19C0008B4014 /* Products */ = {
			isa = PBXGroup;
			children = (
				344FEFB723EB19C0008B4014 /* cybozu_compnies_informationApp.app */,
				344FEFCD23EB19C2008B4014 /* cybozu_compnies_informationAppTests.xctest */,
				344FEFD823EB19C2008B4014 /* cybozu_compnies_informationAppUITests.xctest */,
			);
			name = Products;
			sourceTree = "<group>";
		};
		344FEFB923EB19C0008B4014 /* cybozu_compnies_informationApp */ = {
			isa = PBXGroup;
			children = (
				344FEFBA23EB19C0008B4014 /* AppDelegate.swift */,
				344FEFBC23EB19C0008B4014 /* SceneDelegate.swift */,
				344FEFBE23EB19C0008B4014 /* ViewController.swift */,
				34219D1423F44EBB00FBB81F /* DetailViewController.swift */,
				34202F8023F3011400396235 /* TableViewController.swift */,
				344FEFC023EB19C0008B4014 /* Main.storyboard */,
				344FEFC323EB19C2008B4014 /* Assets.xcassets */,
				344FEFC523EB19C2008B4014 /* LaunchScreen.storyboard */,
				344FEFC823EB19C2008B4014 /* Info.plist */,
				340DE90E23EC64E000127F8C /* GoogleService-Info.plist */,
			);
			path = cybozu_compnies_informationApp;
			sourceTree = "<group>";
		};
		344FEFD023EB19C2008B4014 /* cybozu_compnies_informationAppTests */ = {
			isa = PBXGroup;
			children = (
				344FEFD123EB19C2008B4014 /* cybozu_compnies_informationAppTests.swift */,
				344FEFD323EB19C2008B4014 /* Info.plist */,
			);
			path = cybozu_compnies_informationAppTests;
			sourceTree = "<group>";
		};
		344FEFDB23EB19C2008B4014 /* cybozu_compnies_informationAppUITests */ = {
			isa = PBXGroup;
			children = (
				344FEFDC23EB19C2008B4014 /* cybozu_compnies_informationAppUITests.swift */,
				344FEFDE23EB19C2008B4014 /* Info.plist */,
			);
			path = cybozu_compnies_informationAppUITests;
			sourceTree = "<group>";
		};
		3D3A035ADAC4531F623C7C6A /* Frameworks */ = {
			isa = PBXGroup;
			children = (
				0182FC3ED0049673899987D8 /* Pods_cybozu_compnies_informationApp.framework */,
				474B8973430AE1590CBB18E2 /* Pods_cybozu_compnies_informationApp_cybozu_compnies_informationAppUITests.framework */,
				4816EC839026EB4391871271 /* Pods_cybozu_compnies_informationAppTests.framework */,
			);
			name = Frameworks;
			sourceTree = "<group>";
		};
/* End PBXGroup section */

/* Begin PBXNativeTarget section */
		344FEFB623EB19C0008B4014 /* cybozu_compnies_informationApp */ = {
			isa = PBXNativeTarget;
			buildConfigurationList = 344FEFE123EB19C2008B4014 /* Build configuration list for PBXNativeTarget "cybozu_compnies_informationApp" */;
			buildPhases = (
				EBE2F1A3017C7AD79D472FE1 /* [CP] Check Pods Manifest.lock */,
				344FEFB323EB19C0008B4014 /* Sources */,
				344FEFB423EB19C0008B4014 /* Frameworks */,
				344FEFB523EB19C0008B4014 /* Resources */,
				48E0C1334BCD1EAF87337811 /* [CP] Embed Pods Frameworks */,
			);
			buildRules = (
			);
			dependencies = (
			);
			name = cybozu_compnies_informationApp;
			productName = cybozu_compnies_informationApp;
			productReference = 344FEFB723EB19C0008B4014 /* cybozu_compnies_informationApp.app */;
			productType = "com.apple.product-type.application";
		};
		344FEFCC23EB19C2008B4014 /* cybozu_compnies_informationAppTests */ = {
			isa = PBXNativeTarget;
			buildConfigurationList = 344FEFE423EB19C2008B4014 /* Build configuration list for PBXNativeTarget "cybozu_compnies_informationAppTests" */;
			buildPhases = (
				F5D09FE39D31B28777B514E4 /* [CP] Check Pods Manifest.lock */,
				344FEFC923EB19C2008B4014 /* Sources */,
				344FEFCA23EB19C2008B4014 /* Frameworks */,
				344FEFCB23EB19C2008B4014 /* Resources */,
			);
			buildRules = (
			);
			dependencies = (
				344FEFCF23EB19C2008B4014 /* PBXTargetDependency */,
			);
			name = cybozu_compnies_informationAppTests;
			productName = cybozu_compnies_informationAppTests;
			productReference = 344FEFCD23EB19C2008B4014 /* cybozu_compnies_informationAppTests.xctest */;
			productType = "com.apple.product-type.bundle.unit-test";
		};
		344FEFD723EB19C2008B4014 /* cybozu_compnies_informationAppUITests */ = {
			isa = PBXNativeTarget;
			buildConfigurationList = 344FEFE723EB19C2008B4014 /* Build configuration list for PBXNativeTarget "cybozu_compnies_informationAppUITests" */;
			buildPhases = (
				2BA2ACAE2DBC439B1BEA39D8 /* [CP] Check Pods Manifest.lock */,
				344FEFD423EB19C2008B4014 /* Sources */,
				344FEFD523EB19C2008B4014 /* Frameworks */,
				344FEFD623EB19C2008B4014 /* Resources */,
				80D1FC636AED749BFA0275A5 /* [CP] Embed Pods Frameworks */,
			);
			buildRules = (
			);
			dependencies = (
				344FEFDA23EB19C2008B4014 /* PBXTargetDependency */,
			);
			name = cybozu_compnies_informationAppUITests;
			productName = cybozu_compnies_informationAppUITests;
			productReference = 344FEFD823EB19C2008B4014 /* cybozu_compnies_informationAppUITests.xctest */;
			productType = "com.apple.product-type.bundle.ui-testing";
		};
/* End PBXNativeTarget section */

/* Begin PBXProject section */
		344FEFAF23EB19C0008B4014 /* Project object */ = {
			isa = PBXProject;
			attributes = {
				LastSwiftUpdateCheck = 1110;
				LastUpgradeCheck = 1110;
				ORGANIZATIONNAME = "堀田真";
				TargetAttributes = {
					344FEFB623EB19C0008B4014 = {
						CreatedOnToolsVersion = 11.1;
					};
					344FEFCC23EB19C2008B4014 = {
						CreatedOnToolsVersion = 11.1;
						TestTargetID = 344FEFB623EB19C0008B4014;
					};
					344FEFD723EB19C2008B4014 = {
						CreatedOnToolsVersion = 11.1;
						TestTargetID = 344FEFB623EB19C0008B4014;
					};
				};
			};
			buildConfigurationList = 344FEFB223EB19C0008B4014 /* Build configuration list for PBXProject "cybozu_compnies_informationApp" */;
			compatibilityVersion = "Xcode 9.3";
			developmentRegion = en;
			hasScannedForEncodings = 0;
			knownRegions = (
				en,
				Base,
			);
			mainGroup = 344FEFAE23EB19C0008B4014;
			productRefGroup = 344FEFB823EB19C0008B4014 /* Products */;
			projectDirPath = "";
			projectRoot = "";
			targets = (
				344FEFB623EB19C0008B4014 /* cybozu_compnies_informationApp */,
				344FEFCC23EB19C2008B4014 /* cybozu_compnies_informationAppTests */,
				344FEFD723EB19C2008B4014 /* cybozu_compnies_informationAppUITests */,
			);
		};
/* End PBXProject section */

/* Begin PBXResourcesBuildPhase section */
		344FEFB523EB19C0008B4014 /* Resources */ = {
			isa = PBXResourcesBuildPhase;
			buildActionMask = 2147483647;
			files = (
				344FEFC723EB19C2008B4014 /* LaunchScreen.storyboard in Resources */,
				340DE90F23EC64E000127F8C /* GoogleService-Info.plist in Resources */,
				344FEFC423EB19C2008B4014 /* Assets.xcassets in Resources */,
				344FEFC223EB19C0008B4014 /* Main.storyboard in Resources */,
			);
			runOnlyForDeploymentPostprocessing = 0;
		};
		344FEFCB23EB19C2008B4014 /* Resources */ = {
			isa = PBXResourcesBuildPhase;
			buildActionMask = 2147483647;
			files = (
			);
			runOnlyForDeploymentPostprocessing = 0;
		};
		344FEFD623EB19C2008B4014 /* Resources */ = {
			isa = PBXResourcesBuildPhase;
			buildActionMask = 2147483647;
			files = (
			);
			runOnlyForDeploymentPostprocessing = 0;
		};
/* End PBXResourcesBuildPhase section */

/* Begin PBXShellScriptBuildPhase section */
		2BA2ACAE2DBC439B1BEA39D8 /* [CP] Check Pods Manifest.lock */ = {
			isa = PBXShellScriptBuildPhase;
			buildActionMask = 2147483647;
			files = (
			);
			inputFileListPaths = (
			);
			inputPaths = (
				"${PODS_PODFILE_DIR_PATH}/Podfile.lock",
				"${PODS_ROOT}/Manifest.lock",
			);
			name = "[CP] Check Pods Manifest.lock";
			outputFileListPaths = (
			);
			outputPaths = (
				"$(DERIVED_FILE_DIR)/Pods-cybozu_compnies_informationApp-cybozu_compnies_informationAppUITests-checkManifestLockResult.txt",
			);
			runOnlyForDeploymentPostprocessing = 0;
			shellPath = /bin/sh;
			shellScript = "diff \"${PODS_PODFILE_DIR_PATH}/Podfile.lock\" \"${PODS_ROOT}/Manifest.lock\" > /dev/null\nif [ $? != 0 ] ; then\n    # print error to STDERR\n    echo \"error: The sandbox is not in sync with the Podfile.lock. Run 'pod install' or update your CocoaPods installation.\" >&2\n    exit 1\nfi\n# This output is used by Xcode 'outputs' to avoid re-running this script phase.\necho \"SUCCESS\" > \"${SCRIPT_OUTPUT_FILE_0}\"\n";
			showEnvVarsInLog = 0;
		};
		48E0C1334BCD1EAF87337811 /* [CP] Embed Pods Frameworks */ = {
			isa = PBXShellScriptBuildPhase;
			buildActionMask = 2147483647;
			files = (
			);
			inputFileListPaths = (
				"${PODS_ROOT}/Target Support Files/Pods-cybozu_compnies_informationApp/Pods-cybozu_compnies_informationApp-frameworks-${CONFIGURATION}-input-files.xcfilelist",
			);
			name = "[CP] Embed Pods Frameworks";
			outputFileListPaths = (
				"${PODS_ROOT}/Target Support Files/Pods-cybozu_compnies_informationApp/Pods-cybozu_compnies_informationApp-frameworks-${CONFIGURATION}-output-files.xcfilelist",
			);
			runOnlyForDeploymentPostprocessing = 0;
			shellPath = /bin/sh;
			shellScript = "\"${PODS_ROOT}/Target Support Files/Pods-cybozu_compnies_informationApp/Pods-cybozu_compnies_informationApp-frameworks.sh\"\n";
			showEnvVarsInLog = 0;
		};
		80D1FC636AED749BFA0275A5 /* [CP] Embed Pods Frameworks */ = {
			isa = PBXShellScriptBuildPhase;
			buildActionMask = 2147483647;
			files = (
			);
			inputFileListPaths = (
				"${PODS_ROOT}/Target Support Files/Pods-cybozu_compnies_informationApp-cybozu_compnies_informationAppUITests/Pods-cybozu_compnies_informationApp-cybozu_compnies_informationAppUITests-frameworks-${CONFIGURATION}-input-files.xcfilelist",
			);
			name = "[CP] Embed Pods Frameworks";
			outputFileListPaths = (
				"${PODS_ROOT}/Target Support Files/Pods-cybozu_compnies_informationApp-cybozu_compnies_informationAppUITests/Pods-cybozu_compnies_informationApp-cybozu_compnies_informationAppUITests-frameworks-${CONFIGURATION}-output-files.xcfilelist",
			);
			runOnlyForDeploymentPostprocessing = 0;
			shellPath = /bin/sh;
			shellScript = "\"${PODS_ROOT}/Target Support Files/Pods-cybozu_compnies_informationApp-cybozu_compnies_informationAppUITests/Pods-cybozu_compnies_informationApp-cybozu_compnies_informationAppUITests-frameworks.sh\"\n";
			showEnvVarsInLog = 0;
		};
		EBE2F1A3017C7AD79D472FE1 /* [CP] Check Pods Manifest.lock */ = {
			isa = PBXShellScriptBuildPhase;
			buildActionMask = 2147483647;
			files = (
			);
			inputFileListPaths = (
			);
			inputPaths = (
				"${PODS_PODFILE_DIR_PATH}/Podfile.lock",
				"${PODS_ROOT}/Manifest.lock",
			);
			name = "[CP] Check Pods Manifest.lock";
			outputFileListPaths = (
			);
			outputPaths = (
				"$(DERIVED_FILE_DIR)/Pods-cybozu_compnies_informationApp-checkManifestLockResult.txt",
			);
			runOnlyForDeploymentPostprocessing = 0;
			shellPath = /bin/sh;
			shellScript = "diff \"${PODS_PODFILE_DIR_PATH}/Podfile.lock\" \"${PODS_ROOT}/Manifest.lock\" > /dev/null\nif [ $? != 0 ] ; then\n    # print error to STDERR\n    echo \"error: The sandbox is not in sync with the Podfile.lock. Run 'pod install' or update your CocoaPods installation.\" >&2\n    exit 1\nfi\n# This output is used by Xcode 'outputs' to avoid re-running this script phase.\necho \"SUCCESS\" > \"${SCRIPT_OUTPUT_FILE_0}\"\n";
			showEnvVarsInLog = 0;
		};
		F5D09FE39D31B28777B514E4 /* [CP] Check Pods Manifest.lock */ = {
			isa = PBXShellScriptBuildPhase;
			buildActionMask = 2147483647;
			files = (
			);
			inputFileListPaths = (
			);
			inputPaths = (
				"${PODS_PODFILE_DIR_PATH}/Podfile.lock",
				"${PODS_ROOT}/Manifest.lock",
			);
			name = "[CP] Check Pods Manifest.lock";
			outputFileListPaths = (
			);
			outputPaths = (
				"$(DERIVED_FILE_DIR)/Pods-cybozu_compnies_informationAppTests-checkManifestLockResult.txt",
			);
			runOnlyForDeploymentPostprocessing = 0;
			shellPath = /bin/sh;
			shellScript = "diff \"${PODS_PODFILE_DIR_PATH}/Podfile.lock\" \"${PODS_ROOT}/Manifest.lock\" > /dev/null\nif [ $? != 0 ] ; then\n    # print error to STDERR\n    echo \"error: The sandbox is not in sync with the Podfile.lock. Run 'pod install' or update your CocoaPods installation.\" >&2\n    exit 1\nfi\n# This output is used by Xcode 'outputs' to avoid re-running this script phase.\necho \"SUCCESS\" > \"${SCRIPT_OUTPUT_FILE_0}\"\n";
			showEnvVarsInLog = 0;
		};
/* End PBXShellScriptBuildPhase section */

/* Begin PBXSourcesBuildPhase section */
		344FEFB323EB19C0008B4014 /* Sources */ = {
			isa = PBXSourcesBuildPhase;
			buildActionMask = 2147483647;
			files = (
				344FEFBF23EB19C0008B4014 /* ViewController.swift in Sources */,
				344FEFBB23EB19C0008B4014 /* AppDelegate.swift in Sources */,
				34219D1523F44EBB00FBB81F /* DetailViewController.swift in Sources */,
				34202F8123F3011400396235 /* TableViewController.swift in Sources */,
				344FEFBD23EB19C0008B4014 /* SceneDelegate.swift in Sources */,
			);
			runOnlyForDeploymentPostprocessing = 0;
		};
		344FEFC923EB19C2008B4014 /* Sources */ = {
			isa = PBXSourcesBuildPhase;
			buildActionMask = 2147483647;
			files = (
				344FEFD223EB19C2008B4014 /* cybozu_compnies_informationAppTests.swift in Sources */,
			);
			runOnlyForDeploymentPostprocessing = 0;
		};
		344FEFD423EB19C2008B4014 /* Sources */ = {
			isa = PBXSourcesBuildPhase;
			buildActionMask = 2147483647;
			files = (
				344FEFDD23EB19C2008B4014 /* cybozu_compnies_informationAppUITests.swift in Sources */,
			);
			runOnlyForDeploymentPostprocessing = 0;
		};
/* End PBXSourcesBuildPhase section */

/* Begin PBXTargetDependency section */
		344FEFCF23EB19C2008B4014 /* PBXTargetDependency */ = {
			isa = PBXTargetDependency;
			target = 344FEFB623EB19C0008B4014 /* cybozu_compnies_informationApp */;
			targetProxy = 344FEFCE23EB19C2008B4014 /* PBXContainerItemProxy */;
		};
		344FEFDA23EB19C2008B4014 /* PBXTargetDependency */ = {
			isa = PBXTargetDependency;
			target = 344FEFB623EB19C0008B4014 /* cybozu_compnies_informationApp */;
			targetProxy = 344FEFD923EB19C2008B4014 /* PBXContainerItemProxy */;
		};
/* End PBXTargetDependency section */

/* Begin PBXVariantGroup section */
		344FEFC023EB19C0008B4014 /* Main.storyboard */ = {
			isa = PBXVariantGroup;
			children = (
				344FEFC123EB19C0008B4014 /* Base */,
			);
			name = Main.storyboard;
			sourceTree = "<group>";
		};
		344FEFC523EB19C2008B4014 /* LaunchScreen.storyboard */ = {
			isa = PBXVariantGroup;
			children = (
				344FEFC623EB19C2008B4014 /* Base */,
			);
			name = LaunchScreen.storyboard;
			sourceTree = "<group>";
		};
/* End PBXVariantGroup section */

/* Begin XCBuildConfiguration section */
		344FEFDF23EB19C2008B4014 /* Debug */ = {
			isa = XCBuildConfiguration;
			buildSettings = {
				ALWAYS_SEARCH_USER_PATHS = NO;
				CLANG_ANALYZER_NONNULL = YES;
				CLANG_ANALYZER_NUMBER_OBJECT_CONVERSION = YES_AGGRESSIVE;
				CLANG_CXX_LANGUAGE_STANDARD = "gnu++14";
				CLANG_CXX_LIBRARY = "libc++";
				CLANG_ENABLE_MODULES = YES;
				CLANG_ENABLE_OBJC_ARC = YES;
				CLANG_ENABLE_OBJC_WEAK = YES;
				CLANG_WARN_BLOCK_CAPTURE_AUTORELEASING = YES;
				CLANG_WARN_BOOL_CONVERSION = YES;
				CLANG_WARN_COMMA = YES;
				CLANG_WARN_CONSTANT_CONVERSION = YES;
				CLANG_WARN_DEPRECATED_OBJC_IMPLEMENTATIONS = YES;
				CLANG_WARN_DIRECT_OBJC_ISA_USAGE = YES_ERROR;
				CLANG_WARN_DOCUMENTATION_COMMENTS = YES;
				CLANG_WARN_EMPTY_BODY = YES;
				CLANG_WARN_ENUM_CONVERSION = YES;
				CLANG_WARN_INFINITE_RECURSION = YES;
				CLANG_WARN_INT_CONVERSION = YES;
				CLANG_WARN_NON_LITERAL_NULL_CONVERSION = YES;
				CLANG_WARN_OBJC_IMPLICIT_RETAIN_SELF = YES;
				CLANG_WARN_OBJC_LITERAL_CONVERSION = YES;
				CLANG_WARN_OBJC_ROOT_CLASS = YES_ERROR;
				CLANG_WARN_RANGE_LOOP_ANALYSIS = YES;
				CLANG_WARN_STRICT_PROTOTYPES = YES;
				CLANG_WARN_SUSPICIOUS_MOVE = YES;
				CLANG_WARN_UNGUARDED_AVAILABILITY = YES_AGGRESSIVE;
				CLANG_WARN_UNREACHABLE_CODE = YES;
				CLANG_WARN__DUPLICATE_METHOD_MATCH = YES;
				COPY_PHASE_STRIP = NO;
				DEBUG_INFORMATION_FORMAT = dwarf;
				ENABLE_STRICT_OBJC_MSGSEND = YES;
				ENABLE_TESTABILITY = YES;
				GCC_C_LANGUAGE_STANDARD = gnu11;
				GCC_DYNAMIC_NO_PIC = NO;
				GCC_NO_COMMON_BLOCKS = YES;
				GCC_OPTIMIZATION_LEVEL = 0;
				GCC_PREPROCESSOR_DEFINITIONS = (
					"DEBUG=1",
					"$(inherited)",
				);
				GCC_WARN_64_TO_32_BIT_CONVERSION = YES;
				GCC_WARN_ABOUT_RETURN_TYPE = YES_ERROR;
				GCC_WARN_UNDECLARED_SELECTOR = YES;
				GCC_WARN_UNINITIALIZED_AUTOS = YES_AGGRESSIVE;
				GCC_WARN_UNUSED_FUNCTION = YES;
				GCC_WARN_UNUSED_VARIABLE = YES;
				IPHONEOS_DEPLOYMENT_TARGET = 13.1;
				MTL_ENABLE_DEBUG_INFO = INCLUDE_SOURCE;
				MTL_FAST_MATH = YES;
				ONLY_ACTIVE_ARCH = YES;
				SDKROOT = iphoneos;
				SWIFT_ACTIVE_COMPILATION_CONDITIONS = DEBUG;
				SWIFT_OPTIMIZATION_LEVEL = "-Onone";
			};
			name = Debug;
		};
		344FEFE023EB19C2008B4014 /* Release */ = {
			isa = XCBuildConfiguration;
			buildSettings = {
				ALWAYS_SEARCH_USER_PATHS = NO;
				CLANG_ANALYZER_NONNULL = YES;
				CLANG_ANALYZER_NUMBER_OBJECT_CONVERSION = YES_AGGRESSIVE;
				CLANG_CXX_LANGUAGE_STANDARD = "gnu++14";
				CLANG_CXX_LIBRARY = "libc++";
				CLANG_ENABLE_MODULES = YES;
				CLANG_ENABLE_OBJC_ARC = YES;
				CLANG_ENABLE_OBJC_WEAK = YES;
				CLANG_WARN_BLOCK_CAPTURE_AUTORELEASING = YES;
				CLANG_WARN_BOOL_CONVERSION = YES;
				CLANG_WARN_COMMA = YES;
				CLANG_WARN_CONSTANT_CONVERSION = YES;
				CLANG_WARN_DEPRECATED_OBJC_IMPLEMENTATIONS = YES;
				CLANG_WARN_DIRECT_OBJC_ISA_USAGE = YES_ERROR;
				CLANG_WARN_DOCUMENTATION_COMMENTS = YES;
				CLANG_WARN_EMPTY_BODY = YES;
				CLANG_WARN_ENUM_CONVERSION = YES;
				CLANG_WARN_INFINITE_RECURSION = YES;
				CLANG_WARN_INT_CONVERSION = YES;
				CLANG_WARN_NON_LITERAL_NULL_CONVERSION = YES;
				CLANG_WARN_OBJC_IMPLICIT_RETAIN_SELF = YES;
				CLANG_WARN_OBJC_LITERAL_CONVERSION = YES;
				CLANG_WARN_OBJC_ROOT_CLASS = YES_ERROR;
				CLANG_WARN_RANGE_LOOP_ANALYSIS = YES;
				CLANG_WARN_STRICT_PROTOTYPES = YES;
				CLANG_WARN_SUSPICIOUS_MOVE = YES;
				CLANG_WARN_UNGUARDED_AVAILABILITY = YES_AGGRESSIVE;
				CLANG_WARN_UNREACHABLE_CODE = YES;
				CLANG_WARN__DUPLICATE_METHOD_MATCH = YES;
				COPY_PHASE_STRIP = NO;
				DEBUG_INFORMATION_FORMAT = "dwarf-with-dsym";
				ENABLE_NS_ASSERTIONS = NO;
				ENABLE_STRICT_OBJC_MSGSEND = YES;
				GCC_C_LANGUAGE_STANDARD = gnu11;
				GCC_NO_COMMON_BLOCKS = YES;
				GCC_WARN_64_TO_32_BIT_CONVERSION = YES;
				GCC_WARN_ABOUT_RETURN_TYPE = YES_ERROR;
				GCC_WARN_UNDECLARED_SELECTOR = YES;
				GCC_WARN_UNINITIALIZED_AUTOS = YES_AGGRESSIVE;
				GCC_WARN_UNUSED_FUNCTION = YES;
				GCC_WARN_UNUSED_VARIABLE = YES;
				IPHONEOS_DEPLOYMENT_TARGET = 13.1;
				MTL_ENABLE_DEBUG_INFO = NO;
				MTL_FAST_MATH = YES;
				SDKROOT = iphoneos;
				SWIFT_COMPILATION_MODE = wholemodule;
				SWIFT_OPTIMIZATION_LEVEL = "-O";
				VALIDATE_PRODUCT = YES;
			};
			name = Release;
		};
		344FEFE223EB19C2008B4014 /* Debug */ = {
			isa = XCBuildConfiguration;
			baseConfigurationReference = 91184C9903CBE7A9F0D03D06 /* Pods-cybozu_compnies_informationApp.debug.xcconfig */;
			buildSettings = {
				ALWAYS_EMBED_SWIFT_STANDARD_LIBRARIES = "$(inherited)";
				ASSETCATALOG_COMPILER_APPICON_NAME = AppIcon;
				CODE_SIGN_STYLE = Automatic;
				INFOPLIST_FILE = cybozu_compnies_informationApp/Info.plist;
				LD_RUNPATH_SEARCH_PATHS = (
					"$(inherited)",
					"@executable_path/Frameworks",
				);
				PRODUCT_BUNDLE_IDENTIFIER = "com.cybozu-compnies-informationApp";
				PRODUCT_NAME = "$(TARGET_NAME)";
				SWIFT_VERSION = 5.0;
				TARGETED_DEVICE_FAMILY = "1,2";
			};
			name = Debug;
		};
		344FEFE323EB19C2008B4014 /* Release */ = {
			isa = XCBuildConfiguration;
			baseConfigurationReference = CE55C4E6F7E8D26E39EBCBA6 /* Pods-cybozu_compnies_informationApp.release.xcconfig */;
			buildSettings = {
				ALWAYS_EMBED_SWIFT_STANDARD_LIBRARIES = "$(inherited)";
				ASSETCATALOG_COMPILER_APPICON_NAME = AppIcon;
				CODE_SIGN_STYLE = Automatic;
				INFOPLIST_FILE = cybozu_compnies_informationApp/Info.plist;
				LD_RUNPATH_SEARCH_PATHS = (
					"$(inherited)",
					"@executable_path/Frameworks",
				);
				PRODUCT_BUNDLE_IDENTIFIER = "com.cybozu-compnies-informationApp";
				PRODUCT_NAME = "$(TARGET_NAME)";
				SWIFT_VERSION = 5.0;
				TARGETED_DEVICE_FAMILY = "1,2";
			};
			name = Release;
		};
		344FEFE523EB19C2008B4014 /* Debug */ = {
			isa = XCBuildConfiguration;
			baseConfigurationReference = 701542C510A9AC3AA04E12CF /* Pods-cybozu_compnies_informationAppTests.debug.xcconfig */;
			buildSettings = {
				ALWAYS_EMBED_SWIFT_STANDARD_LIBRARIES = YES;
				BUNDLE_LOADER = "$(TEST_HOST)";
				CODE_SIGN_STYLE = Automatic;
				INFOPLIST_FILE = cybozu_compnies_informationAppTests/Info.plist;
				IPHONEOS_DEPLOYMENT_TARGET = 13.1;
				LD_RUNPATH_SEARCH_PATHS = (
					"$(inherited)",
					"@executable_path/Frameworks",
					"@loader_path/Frameworks",
				);
				PRODUCT_BUNDLE_IDENTIFIER = "com.cybozu-compnies-informationAppTests";
				PRODUCT_NAME = "$(TARGET_NAME)";
				SWIFT_VERSION = 5.0;
				TARGETED_DEVICE_FAMILY = "1,2";
				TEST_HOST = "$(BUILT_PRODUCTS_DIR)/cybozu_compnies_informationApp.app/cybozu_compnies_informationApp";
			};
			name = Debug;
		};
		344FEFE623EB19C2008B4014 /* Release */ = {
			isa = XCBuildConfiguration;
			baseConfigurationReference = D31E54E714E226A0ACA4DDD8 /* Pods-cybozu_compnies_informationAppTests.release.xcconfig */;
			buildSettings = {
				ALWAYS_EMBED_SWIFT_STANDARD_LIBRARIES = YES;
				BUNDLE_LOADER = "$(TEST_HOST)";
				CODE_SIGN_STYLE = Automatic;
				INFOPLIST_FILE = cybozu_compnies_informationAppTests/Info.plist;
				IPHONEOS_DEPLOYMENT_TARGET = 13.1;
				LD_RUNPATH_SEARCH_PATHS = (
					"$(inherited)",
					"@executable_path/Frameworks",
					"@loader_path/Frameworks",
				);
				PRODUCT_BUNDLE_IDENTIFIER = "com.cybozu-compnies-informationAppTests";
				PRODUCT_NAME = "$(TARGET_NAME)";
				SWIFT_VERSION = 5.0;
				TARGETED_DEVICE_FAMILY = "1,2";
				TEST_HOST = "$(BUILT_PRODUCTS_DIR)/cybozu_compnies_informationApp.app/cybozu_compnies_informationApp";
			};
			name = Release;
		};
		344FEFE823EB19C2008B4014 /* Debug */ = {
			isa = XCBuildConfiguration;
			baseConfigurationReference = 1449BDE122B6F05811C0F0A9 /* Pods-cybozu_compnies_informationApp-cybozu_compnies_informationAppUITests.debug.xcconfig */;
			buildSettings = {
				ALWAYS_EMBED_SWIFT_STANDARD_LIBRARIES = YES;
				CODE_SIGN_STYLE = Automatic;
				INFOPLIST_FILE = cybozu_compnies_informationAppUITests/Info.plist;
				LD_RUNPATH_SEARCH_PATHS = (
					"$(inherited)",
					"@executable_path/Frameworks",
					"@loader_path/Frameworks",
				);
				PRODUCT_BUNDLE_IDENTIFIER = "com.cybozu-compnies-informationAppUITests";
				PRODUCT_NAME = "$(TARGET_NAME)";
				SWIFT_VERSION = 5.0;
				TARGETED_DEVICE_FAMILY = "1,2";
				TEST_TARGET_NAME = cybozu_compnies_informationApp;
			};
			name = Debug;
		};
		344FEFE923EB19C2008B4014 /* Release */ = {
			isa = XCBuildConfiguration;
			baseConfigurationReference = 7932C737A67DC993BF3C4D8D /* Pods-cybozu_compnies_informationApp-cybozu_compnies_informationAppUITests.release.xcconfig */;
			buildSettings = {
				ALWAYS_EMBED_SWIFT_STANDARD_LIBRARIES = YES;
				CODE_SIGN_STYLE = Automatic;
				INFOPLIST_FILE = cybozu_compnies_informationAppUITests/Info.plist;
				LD_RUNPATH_SEARCH_PATHS = (
					"$(inherited)",
					"@executable_path/Frameworks",
					"@loader_path/Frameworks",
				);
				PRODUCT_BUNDLE_IDENTIFIER = "com.cybozu-compnies-informationAppUITests";
				PRODUCT_NAME = "$(TARGET_NAME)";
				SWIFT_VERSION = 5.0;
				TARGETED_DEVICE_FAMILY = "1,2";
				TEST_TARGET_NAME = cybozu_compnies_informationApp;
			};
			name = Release;
		};
/* End XCBuildConfiguration section */

/* Begin XCConfigurationList section */
		344FEFB223EB19C0008B4014 /* Build configuration list for PBXProject "cybozu_compnies_informationApp" */ = {
			isa = XCConfigurationList;
			buildConfigurations = (
				344FEFDF23EB19C2008B4014 /* Debug */,
				344FEFE023EB19C2008B4014 /* Release */,
			);
			defaultConfigurationIsVisible = 0;
			defaultConfigurationName = Release;
		};
		344FEFE123EB19C2008B4014 /* Build configuration list for PBXNativeTarget "cybozu_compnies_informationApp" */ = {
			isa = XCConfigurationList;
			buildConfigurations = (
				344FEFE223EB19C2008B4014 /* Debug */,
				344FEFE323EB19C2008B4014 /* Release */,
			);
			defaultConfigurationIsVisible = 0;
			defaultConfigurationName = Release;
		};
		344FEFE423EB19C2008B4014 /* Build configuration list for PBXNativeTarget "cybozu_compnies_informationAppTests" */ = {
			isa = XCConfigurationList;
			buildConfigurations = (
				344FEFE523EB19C2008B4014 /* Debug */,
				344FEFE623EB19C2008B4014 /* Release */,
			);
			defaultConfigurationIsVisible = 0;
			defaultConfigurationName = Release;
		};
		344FEFE723EB19C2008B4014 /* Build configuration list for PBXNativeTarget "cybozu_compnies_informationAppUITests" */ = {
			isa = XCConfigurationList;
			buildConfigurations = (
				344FEFE823EB19C2008B4014 /* Debug */,
				344FEFE923EB19C2008B4014 /* Release */,
			);
			defaultConfigurationIsVisible = 0;
			defaultConfigurationName = Release;
		};
/* End XCConfigurationList section */
	};
	rootObject = 344FEFAF23EB19C0008B4014 /* Project object */;
}
