// !$*UTF8*$!
{
	archiveVersion = 1;
	classes = {
	};
	objectVersion = 50;
	objects = {

/* Begin PBXBuildFile section */
		344FEFBB23EB19C0008B4014 /* AppDelegate.swift in Sources */ = {isa = PBXBuildFile; fileRef = 344FEFBA23EB19C0008B4014 /* AppDelegate.swift */; };
		344FEFBD23EB19C0008B4014 /* SceneDelegate.swift in Sources */ = {isa = PBXBuildFile; fileRef = 344FEFBC23EB19C0008B4014 /* SceneDelegate.swift */; };
		344FEFBF23EB19C0008B4014 /* ViewController.swift in Sources */ = {isa = PBXBuildFile; fileRef = 344FEFBE23EB19C0008B4014 /* ViewController.swift */; };
		344FEFC223EB19C0008B4014 /* Main.storyboard in Resources */ = {isa = PBXBuildFile; fileRef = 344FEFC023EB19C0008B4014 /* Main.storyboard */; };
		344FEFC423EB19C2008B4014 /* Assets.xcassets in Resources */ = {isa = PBXBuildFile; fileRef = 344FEFC323EB19C2008B4014 /* Assets.xcassets */; };
		344FEFC723EB19C2008B4014 /* LaunchScreen.storyboard in Resources */ = {isa = PBXBuildFile; fileRef = 344FEFC523EB19C2008B4014 /* LaunchScreen.storyboard */; };
		344FEFD223EB19C2008B4014 /* cybozu_compnies_informationAppTests.swift in Sources */ = {isa = PBXBuildFile; fileRef = 344FEFD123EB19C2008B4014 /* cybozu_compnies_informationAppTests.swift */; };
		344FEFDD23EB19C2008B4014 /* cybozu_compnies_informationAppUITests.swift in Sources */ = {isa = PBXBuildFile; fileRef = 344FEFDC23EB19C2008B4014 /* cybozu_compnies_informationAppUITests.swift */; };
/* End PBXBuildFile section */

/* Begin PBXContainerItemProxy section */
		344FEFCE23EB19C2008B4014 /* PBXContainerItemProxy */ = {
			isa = PBXContainerItemProxy;
			containerPortal = 344FEFAF23EB19C0008B4014 /* Project object */;
			proxyType = 1;
			remoteGlobalIDString = 344FEFB623EB19C0008B4014;
			remoteInfo = cybozu_compnies_informationApp;
		};
		344FEFD923EB19C2008B4014 /* PBXContainerItemProxy */ = {
			isa = PBXContainerItemProxy;
			containerPortal = 344FEFAF23EB19C0008B4014 /* Project object */;
			proxyType = 1;
			remoteGlobalIDString = 344FEFB623EB19C0008B4014;
			remoteInfo = cybozu_compnies_informationApp;
		};
/* End PBXContainerItemProxy section */

/* Begin PBXFileReference section */
		344FEFB723EB19C0008B4014 /* cybozu_compnies_informationApp.app */ = {isa = PBXFileReference; explicitFileType = wrapper.application; includeInIndex = 0; path = cybozu_compnies_informationApp.app; sourceTree = BUILT_PRODUCTS_DIR; };
		344FEFBA23EB19C0008B4014 /* AppDelegate.swift */ = {isa = PBXFileReference; lastKnownFileType = sourcecode.swift; path = AppDelegate.swift; sourceTree = "<group>"; };
		344FEFBC23EB19C0008B4014 /* SceneDelegate.swift */ = {isa = PBXFileReference; lastKnownFileType = sourcecode.swift; path = SceneDelegate.swift; sourceTree = "<group>"; };
		344FEFBE23EB19C0008B4014 /* ViewController.swift */ = {isa = PBXFileReference; lastKnownFileType = sourcecode.swift; path = ViewController.swift; sourceTree = "<group>"; };
		344FEFC123EB19C0008B4014 /* Base */ = {isa = PBXFileReference; lastKnownFileType = file.storyboard; name = Base; path = Base.lproj/Main.storyboard; sourceTree = "<group>"; };
		344FEFC323EB19C2008B4014 /* Assets.xcassets */ = {isa = PBXFileReference; lastKnownFileType = folder.assetcatalog; path = Assets.xcassets; sourceTree = "<group>"; };
		344FEFC623EB19C2008B4014 /* Base */ = {isa = PBXFileReference; lastKnownFileType = file.storyboard; name = Base; path = Base.lproj/LaunchScreen.storyboard; sourceTree = "<group>"; };
		344FEFC823EB19C2008B4014 /* Info.plist */ = {isa = PBXFileReference; lastKnownFileType = text.plist.xml; path = Info.plist; sourceTree = "<group>"; };
		344FEFCD23EB19C2008B4014 /* cybozu_compnies_informationAppTests.xctest */ = {isa = PBXFileReference; explicitFileType = wrapper.cfbundle; includeInIndex = 0; path = cybozu_compnies_informationAppTests.xctest; sourceTree = BUILT_PRODUCTS_DIR; };
		344FEFD123EB19C2008B4014 /* cybozu_compnies_informationAppTests.swift */ = {isa = PBXFileReference; lastKnownFileType = sourcecode.swift; path = cybozu_compnies_informationAppTests.swift; sourceTree = "<group>"; };
		344FEFD323EB19C2008B4014 /* Info.plist */ = {isa = PBXFileReference; lastKnownFileType = text.plist.xml; path = Info.plist; sourceTree = "<group>"; };
		344FEFD823EB19C2008B4014 /* cybozu_compnies_informationAppUITests.xctest */ = {isa = PBXFileReference; explicitFileType = wrapper.cfbundle; includeInIndex = 0; path = cybozu_compnies_informationAppUITests.xctest; sourceTree = BUILT_PRODUCTS_DIR; };
		344FEFDC23EB19C2008B4014 /* cybozu_compnies_informationAppUITests.swift */ = {isa = PBXFileReference; lastKnownFileType = sourcecode.swift; path = cybozu_compnies_informationAppUITests.swift; sourceTree = "<group>"; };
		344FEFDE23EB19C2008B4014 /* Info.plist */ = {isa = PBXFileReference; lastKnownFileType = text.plist.xml; path = Info.plist; sourceTree = "<group>"; };
/* End PBXFileReference section */

/* Begin PBXFrameworksBuildPhase section */
		344FEFB423EB19C0008B4014 /* Frameworks */ = {
			isa = PBXFrameworksBuildPhase;
			buildActionMask = 2147483647;
			files = (
			);
			runOnlyForDeploymentPostprocessing = 0;
		};
		344FEFCA23EB19C2008B4014 /* Frameworks */ = {
			isa = PBXFrameworksBuildPhase;
			buildActionMask = 2147483647;
			files = (
			);
			runOnlyForDeploymentPostprocessing = 0;
		};
		344FEFD523EB19C2008B4014 /* Frameworks */ = {
			isa = PBXFrameworksBuildPhase;
			buildActionMask = 2147483647;
			files = (
			);
			runOnlyForDeploymentPostprocessing = 0;
		};
/* End PBXFrameworksBuildPhase section */

/* Begin PBXGroup section */
		344FEFAE23EB19C0008B4014 = {
			isa = PBXGroup;
			children = (
				344FEFB923EB19C0008B4014 /* cybozu_compnies_informationApp */,
				344FEFD023EB19C2008B4014 /* cybozu_compnies_informationAppTests */,
				344FEFDB23EB19C2008B4014 /* cybozu_compnies_informationAppUITests */,
				344FEFB823EB19C0008B4014 /* Products */,
			);
			sourceTree = "<group>";
		};
		344FEFB823EB19C0008B4014 /* Products */ = {
			isa = PBXGroup;
			children = (
				344FEFB723EB19C0008B4014 /* cybozu_compnies_informationApp.app */,
				344FEFCD23EB19C2008B4014 /* cybozu_compnies_informationAppTests.xctest */,
				344FEFD823EB19C2008B4014 /* cybozu_compnies_informationAppUITests.xctest */,
			);
			name = Products;
			sourceTree = "<group>";
		};
		344FEFB923EB19C0008B4014 /* cybozu_compnies_informationApp */ = {
			isa = PBXGroup;
			children = (
				344FEFBA23EB19C0008B4014 /* AppDelegate.swift */,
				344FEFBC23EB19C0008B4014 /* SceneDelegate.swift */,
				344FEFBE23EB19C0008B4014 /* ViewController.swift */,
				344FEFC023EB19C0008B4014 /* Main.storyboard */,
				344FEFC323EB19C2008B4014 /* Assets.xcassets */,
				344FEFC523EB19C2008B4014 /* LaunchScreen.storyboard */,
				344FEFC823EB19C2008B4014 /* Info.plist */,
			);
			path = cybozu_compnies_informationApp;
			sourceTree = "<group>";
		};
		344FEFD023EB19C2008B4014 /* cybozu_compnies_informationAppTests */ = {
			isa = PBXGroup;
			children = (
				344FEFD123EB19C2008B4014 /* cybozu_compnies_informationAppTests.swift */,
				344FEFD323EB19C2008B4014 /* Info.plist */,
			);
			path = cybozu_compnies_informationAppTests;
			sourceTree = "<group>";
		};
		344FEFDB23EB19C2008B4014 /* cybozu_compnies_informationAppUITests */ = {
			isa = PBXGroup;
			children = (
				344FEFDC23EB19C2008B4014 /* cybozu_compnies_informationAppUITests.swift */,
				344FEFDE23EB19C2008B4014 /* Info.plist */,
			);
			path = cybozu_compnies_informationAppUITests;
			sourceTree = "<group>";
		};
/* End PBXGroup section */

/* Begin PBXNativeTarget section */
		344FEFB623EB19C0008B4014 /* cybozu_compnies_informationApp */ = {
			isa = PBXNativeTarget;
			buildConfigurationList = 344FEFE123EB19C2008B4014 /* Build configuration list for PBXNativeTarget "cybozu_compnies_informationApp" */;
			buildPhases = (
				344FEFB323EB19C0008B4014 /* Sources */,
				344FEFB423EB19C0008B4014 /* Frameworks */,
				344FEFB523EB19C0008B4014 /* Resources */,
			);
			buildRules = (
			);
			dependencies = (
			);
			name = cybozu_compnies_informationApp;
			productName = cybozu_compnies_informationApp;
			productReference = 344FEFB723EB19C0008B4014 /* cybozu_compnies_informationApp.app */;
			productType = "com.apple.product-type.application";
		};
		344FEFCC23EB19C2008B4014 /* cybozu_compnies_informationAppTests */ = {
			isa = PBXNativeTarget;
			buildConfigurationList = 344FEFE423EB19C2008B4014 /* Build configuration list for PBXNativeTarget "cybozu_compnies_informationAppTests" */;
			buildPhases = (
				344FEFC923EB19C2008B4014 /* Sources */,
				344FEFCA23EB19C2008B4014 /* Frameworks */,
				344FEFCB23EB19C2008B4014 /* Resources */,
			);
			buildRules = (
			);
			dependencies = (
				344FEFCF23EB19C2008B4014 /* PBXTargetDependency */,
			);
			name = cybozu_compnies_informationAppTests;
			productName = cybozu_compnies_informationAppTests;
			productReference = 344FEFCD23EB19C2008B4014 /* cybozu_compnies_informationAppTests.xctest */;
			productType = "com.apple.product-type.bundle.unit-test";
		};
		344FEFD723EB19C2008B4014 /* cybozu_compnies_informationAppUITests */ = {
			isa = PBXNativeTarget;
			buildConfigurationList = 344FEFE723EB19C2008B4014 /* Build configuration list for PBXNativeTarget "cybozu_compnies_informationAppUITests" */;
			buildPhases = (
				344FEFD423EB19C2008B4014 /* Sources */,
				344FEFD523EB19C2008B4014 /* Frameworks */,
				344FEFD623EB19C2008B4014 /* Resources */,
			);
			buildRules = (
			);
			dependencies = (
				344FEFDA23EB19C2008B4014 /* PBXTargetDependency */,
			);
			name = cybozu_compnies_informationAppUITests;
			productName = cybozu_compnies_informationAppUITests;
			productReference = 344FEFD823EB19C2008B4014 /* cybozu_compnies_informationAppUITests.xctest */;
			productType = "com.apple.product-type.bundle.ui-testing";
		};
/* End PBXNativeTarget section */

/* Begin PBXProject section */
		344FEFAF23EB19C0008B4014 /* Project object */ = {
			isa = PBXProject;
			attributes = {
				LastSwiftUpdateCheck = 1110;
				LastUpgradeCheck = 1110;
				ORGANIZATIONNAME = "堀田真";
				TargetAttributes = {
					344FEFB623EB19C0008B4014 = {
						CreatedOnToolsVersion = 11.1;
					};
					344FEFCC23EB19C2008B4014 = {
						CreatedOnToolsVersion = 11.1;
						TestTargetID = 344FEFB623EB19C0008B4014;
					};
					344FEFD723EB19C2008B4014 = {
						CreatedOnToolsVersion = 11.1;
						TestTargetID = 344FEFB623EB19C0008B4014;
					};
				};
			};
			buildConfigurationList = 344FEFB223EB19C0008B4014 /* Build configuration list for PBXProject "cybozu_compnies_informationApp" */;
			compatibilityVersion = "Xcode 9.3";
			developmentRegion = en;
			hasScannedForEncodings = 0;
			knownRegions = (
				en,
				Base,
			);
			mainGroup = 344FEFAE23EB19C0008B4014;
			productRefGroup = 344FEFB823EB19C0008B4014 /* Products */;
			projectDirPath = "";
			projectRoot = "";
			targets = (
				344FEFB623EB19C0008B4014 /* cybozu_compnies_informationApp */,
				344FEFCC23EB19C2008B4014 /* cybozu_compnies_informationAppTests */,
				344FEFD723EB19C2008B4014 /* cybozu_compnies_informationAppUITests */,
			);
		};
/* End PBXProject section */

/* Begin PBXResourcesBuildPhase section */
		344FEFB523EB19C0008B4014 /* Resources */ = {
			isa = PBXResourcesBuildPhase;
			buildActionMask = 2147483647;
			files = (
				344FEFC723EB19C2008B4014 /* LaunchScreen.storyboard in Resources */,
				344FEFC423EB19C2008B4014 /* Assets.xcassets in Resources */,
				344FEFC223EB19C0008B4014 /* Main.storyboard in Resources */,
			);
			runOnlyForDeploymentPostprocessing = 0;
		};
		344FEFCB23EB19C2008B4014 /* Resources */ = {
			isa = PBXResourcesBuildPhase;
			buildActionMask = 2147483647;
			files = (
			);
			runOnlyForDeploymentPostprocessing = 0;
		};
		344FEFD623EB19C2008B4014 /* Resources */ = {
			isa = PBXResourcesBuildPhase;
			buildActionMask = 2147483647;
			files = (
			);
			runOnlyForDeploymentPostprocessing = 0;
		};
/* End PBXResourcesBuildPhase section */

/* Begin PBXSourcesBuildPhase section */
		344FEFB323EB19C0008B4014 /* Sources */ = {
			isa = PBXSourcesBuildPhase;
			buildActionMask = 2147483647;
			files = (
				344FEFBF23EB19C0008B4014 /* ViewController.swift in Sources */,
				344FEFBB23EB19C0008B4014 /* AppDelegate.swift in Sources */,
				344FEFBD23EB19C0008B4014 /* SceneDelegate.swift in Sources */,
			);
			runOnlyForDeploymentPostprocessing = 0;
		};
		344FEFC923EB19C2008B4014 /* Sources */ = {
			isa = PBXSourcesBuildPhase;
			buildActionMask = 2147483647;
			files = (
				344FEFD223EB19C2008B4014 /* cybozu_compnies_informationAppTests.swift in Sources */,
			);
			runOnlyForDeploymentPostprocessing = 0;
		};
		344FEFD423EB19C2008B4014 /* Sources */ = {
			isa = PBXSourcesBuildPhase;
			buildActionMask = 2147483647;
			files = (
				344FEFDD23EB19C2008B4014 /* cybozu_compnies_informationAppUITests.swift in Sources */,
			);
			runOnlyForDeploymentPostprocessing = 0;
		};
/* End PBXSourcesBuildPhase section */

/* Begin PBXTargetDependency section */
		344FEFCF23EB19C2008B4014 /* PBXTargetDependency */ = {
			isa = PBXTargetDependency;
			target = 344FEFB623EB19C0008B4014 /* cybozu_compnies_informationApp */;
			targetProxy = 344FEFCE23EB19C2008B4014 /* PBXContainerItemProxy */;
		};
		344FEFDA23EB19C2008B4014 /* PBXTargetDependency */ = {
			isa = PBXTargetDependency;
			target = 344FEFB623EB19C0008B4014 /* cybozu_compnies_informationApp */;
			targetProxy = 344FEFD923EB19C2008B4014 /* PBXContainerItemProxy */;
		};
/* End PBXTargetDependency section */

/* Begin PBXVariantGroup section */
		344FEFC023EB19C0008B4014 /* Main.storyboard */ = {
			isa = PBXVariantGroup;
			children = (
				344FEFC123EB19C0008B4014 /* Base */,
			);
			name = Main.storyboard;
			sourceTree = "<group>";
		};
		344FEFC523EB19C2008B4014 /* LaunchScreen.storyboard */ = {
			isa = PBXVariantGroup;
			children = (
				344FEFC623EB19C2008B4014 /* Base */,
			);
			name = LaunchScreen.storyboard;
			sourceTree = "<group>";
		};
/* End PBXVariantGroup section */

/* Begin XCBuildConfiguration section */
		344FEFDF23EB19C2008B4014 /* Debug */ = {
			isa = XCBuildConfiguration;
			buildSettings = {
				ALWAYS_SEARCH_USER_PATHS = NO;
				CLANG_ANALYZER_NONNULL = YES;
				CLANG_ANALYZER_NUMBER_OBJECT_CONVERSION = YES_AGGRESSIVE;
				CLANG_CXX_LANGUAGE_STANDARD = "gnu++14";
				CLANG_CXX_LIBRARY = "libc++";
				CLANG_ENABLE_MODULES = YES;
				CLANG_ENABLE_OBJC_ARC = YES;
				CLANG_ENABLE_OBJC_WEAK = YES;
				CLANG_WARN_BLOCK_CAPTURE_AUTORELEASING = YES;
				CLANG_WARN_BOOL_CONVERSION = YES;
				CLANG_WARN_COMMA = YES;
				CLANG_WARN_CONSTANT_CONVERSION = YES;
				CLANG_WARN_DEPRECATED_OBJC_IMPLEMENTATIONS = YES;
				CLANG_WARN_DIRECT_OBJC_ISA_USAGE = YES_ERROR;
				CLANG_WARN_DOCUMENTATION_COMMENTS = YES;
				CLANG_WARN_EMPTY_BODY = YES;
				CLANG_WARN_ENUM_CONVERSION = YES;
				CLANG_WARN_INFINITE_RECURSION = YES;
				CLANG_WARN_INT_CONVERSION = YES;
				CLANG_WARN_NON_LITERAL_NULL_CONVERSION = YES;
				CLANG_WARN_OBJC_IMPLICIT_RETAIN_SELF = YES;
				CLANG_WARN_OBJC_LITERAL_CONVERSION = YES;
				CLANG_WARN_OBJC_ROOT_CLASS = YES_ERROR;
				CLANG_WARN_RANGE_LOOP_ANALYSIS = YES;
				CLANG_WARN_STRICT_PROTOTYPES = YES;
				CLANG_WARN_SUSPICIOUS_MOVE = YES;
				CLANG_WARN_UNGUARDED_AVAILABILITY = YES_AGGRESSIVE;
				CLANG_WARN_UNREACHABLE_CODE = YES;
				CLANG_WARN__DUPLICATE_METHOD_MATCH = YES;
				COPY_PHASE_STRIP = NO;
				DEBUG_INFORMATION_FORMAT = dwarf;
				ENABLE_STRICT_OBJC_MSGSEND = YES;
				ENABLE_TESTABILITY = YES;
				GCC_C_LANGUAGE_STANDARD = gnu11;
				GCC_DYNAMIC_NO_PIC = NO;
				GCC_NO_COMMON_BLOCKS = YES;
				GCC_OPTIMIZATION_LEVEL = 0;
				GCC_PREPROCESSOR_DEFINITIONS = (
					"DEBUG=1",
					"$(inherited)",
				);
				GCC_WARN_64_TO_32_BIT_CONVERSION = YES;
				GCC_WARN_ABOUT_RETURN_TYPE = YES_ERROR;
				GCC_WARN_UNDECLARED_SELECTOR = YES;
				GCC_WARN_UNINITIALIZED_AUTOS = YES_AGGRESSIVE;
				GCC_WARN_UNUSED_FUNCTION = YES;
				GCC_WARN_UNUSED_VARIABLE = YES;
				IPHONEOS_DEPLOYMENT_TARGET = 13.1;
				MTL_ENABLE_DEBUG_INFO = INCLUDE_SOURCE;
				MTL_FAST_MATH = YES;
				ONLY_ACTIVE_ARCH = YES;
				SDKROOT = iphoneos;
				SWIFT_ACTIVE_COMPILATION_CONDITIONS = DEBUG;
				SWIFT_OPTIMIZATION_LEVEL = "-Onone";
			};
			name = Debug;
		};
		344FEFE023EB19C2008B4014 /* Release */ = {
			isa = XCBuildConfiguration;
			buildSettings = {
				ALWAYS_SEARCH_USER_PATHS = NO;
				CLANG_ANALYZER_NONNULL = YES;
				CLANG_ANALYZER_NUMBER_OBJECT_CONVERSION = YES_AGGRESSIVE;
				CLANG_CXX_LANGUAGE_STANDARD = "gnu++14";
				CLANG_CXX_LIBRARY = "libc++";
				CLANG_ENABLE_MODULES = YES;
				CLANG_ENABLE_OBJC_ARC = YES;
				CLANG_ENABLE_OBJC_WEAK = YES;
				CLANG_WARN_BLOCK_CAPTURE_AUTORELEASING = YES;
				CLANG_WARN_BOOL_CONVERSION = YES;
				CLANG_WARN_COMMA = YES;
				CLANG_WARN_CONSTANT_CONVERSION = YES;
				CLANG_WARN_DEPRECATED_OBJC_IMPLEMENTATIONS = YES;
				CLANG_WARN_DIRECT_OBJC_ISA_USAGE = YES_ERROR;
				CLANG_WARN_DOCUMENTATION_COMMENTS = YES;
				CLANG_WARN_EMPTY_BODY = YES;
				CLANG_WARN_ENUM_CONVERSION = YES;
				CLANG_WARN_INFINITE_RECURSION = YES;
				CLANG_WARN_INT_CONVERSION = YES;
				CLANG_WARN_NON_LITERAL_NULL_CONVERSION = YES;
				CLANG_WARN_OBJC_IMPLICIT_RETAIN_SELF = YES;
				CLANG_WARN_OBJC_LITERAL_CONVERSION = YES;
				CLANG_WARN_OBJC_ROOT_CLASS = YES_ERROR;
				CLANG_WARN_RANGE_LOOP_ANALYSIS = YES;
				CLANG_WARN_STRICT_PROTOTYPES = YES;
				CLANG_WARN_SUSPICIOUS_MOVE = YES;
				CLANG_WARN_UNGUARDED_AVAILABILITY = YES_AGGRESSIVE;
				CLANG_WARN_UNREACHABLE_CODE = YES;
				CLANG_WARN__DUPLICATE_METHOD_MATCH = YES;
				COPY_PHASE_STRIP = NO;
				DEBUG_INFORMATION_FORMAT = "dwarf-with-dsym";
				ENABLE_NS_ASSERTIONS = NO;
				ENABLE_STRICT_OBJC_MSGSEND = YES;
				GCC_C_LANGUAGE_STANDARD = gnu11;
				GCC_NO_COMMON_BLOCKS = YES;
				GCC_WARN_64_TO_32_BIT_CONVERSION = YES;
				GCC_WARN_ABOUT_RETURN_TYPE = YES_ERROR;
				GCC_WARN_UNDECLARED_SELECTOR = YES;
				GCC_WARN_UNINITIALIZED_AUTOS = YES_AGGRESSIVE;
				GCC_WARN_UNUSED_FUNCTION = YES;
				GCC_WARN_UNUSED_VARIABLE = YES;
				IPHONEOS_DEPLOYMENT_TARGET = 13.1;
				MTL_ENABLE_DEBUG_INFO = NO;
				MTL_FAST_MATH = YES;
				SDKROOT = iphoneos;
				SWIFT_COMPILATION_MODE = wholemodule;
				SWIFT_OPTIMIZATION_LEVEL = "-O";
				VALIDATE_PRODUCT = YES;
			};
			name = Release;
		};
		344FEFE223EB19C2008B4014 /* Debug */ = {
			isa = XCBuildConfiguration;
			buildSettings = {
				ASSETCATALOG_COMPILER_APPICON_NAME = AppIcon;
				CODE_SIGN_STYLE = Automatic;
				INFOPLIST_FILE = cybozu_compnies_informationApp/Info.plist;
				LD_RUNPATH_SEARCH_PATHS = (
					"$(inherited)",
					"@executable_path/Frameworks",
				);
				PRODUCT_BUNDLE_IDENTIFIER = "com.cybozu-compnies-informationApp";
				PRODUCT_NAME = "$(TARGET_NAME)";
				SWIFT_VERSION = 5.0;
				TARGETED_DEVICE_FAMILY = "1,2";
			};
			name = Debug;
		};
		344FEFE323EB19C2008B4014 /* Release */ = {
			isa = XCBuildConfiguration;
			buildSettings = {
				ASSETCATALOG_COMPILER_APPICON_NAME = AppIcon;
				CODE_SIGN_STYLE = Automatic;
				INFOPLIST_FILE = cybozu_compnies_informationApp/Info.plist;
				LD_RUNPATH_SEARCH_PATHS = (
					"$(inherited)",
					"@executable_path/Frameworks",
				);
				PRODUCT_BUNDLE_IDENTIFIER = "com.cybozu-compnies-informationApp";
				PRODUCT_NAME = "$(TARGET_NAME)";
				SWIFT_VERSION = 5.0;
				TARGETED_DEVICE_FAMILY = "1,2";
			};
			name = Release;
		};
		344FEFE523EB19C2008B4014 /* Debug */ = {
			isa = XCBuildConfiguration;
			buildSettings = {
				ALWAYS_EMBED_SWIFT_STANDARD_LIBRARIES = YES;
				BUNDLE_LOADER = "$(TEST_HOST)";
				CODE_SIGN_STYLE = Automatic;
				INFOPLIST_FILE = cybozu_compnies_informationAppTests/Info.plist;
				IPHONEOS_DEPLOYMENT_TARGET = 13.1;
				LD_RUNPATH_SEARCH_PATHS = (
					"$(inherited)",
					"@executable_path/Frameworks",
					"@loader_path/Frameworks",
				);
				PRODUCT_BUNDLE_IDENTIFIER = "com.cybozu-compnies-informationAppTests";
				PRODUCT_NAME = "$(TARGET_NAME)";
				SWIFT_VERSION = 5.0;
				TARGETED_DEVICE_FAMILY = "1,2";
				TEST_HOST = "$(BUILT_PRODUCTS_DIR)/cybozu_compnies_informationApp.app/cybozu_compnies_informationApp";
			};
			name = Debug;
		};
		344FEFE623EB19C2008B4014 /* Release */ = {
			isa = XCBuildConfiguration;
			buildSettings = {
				ALWAYS_EMBED_SWIFT_STANDARD_LIBRARIES = YES;
				BUNDLE_LOADER = "$(TEST_HOST)";
				CODE_SIGN_STYLE = Automatic;
				INFOPLIST_FILE = cybozu_compnies_informationAppTests/Info.plist;
				IPHONEOS_DEPLOYMENT_TARGET = 13.1;
				LD_RUNPATH_SEARCH_PATHS = (
					"$(inherited)",
					"@executable_path/Frameworks",
					"@loader_path/Frameworks",
				);
				PRODUCT_BUNDLE_IDENTIFIER = "com.cybozu-compnies-informationAppTests";
				PRODUCT_NAME = "$(TARGET_NAME)";
				SWIFT_VERSION = 5.0;
				TARGETED_DEVICE_FAMILY = "1,2";
				TEST_HOST = "$(BUILT_PRODUCTS_DIR)/cybozu_compnies_informationApp.app/cybozu_compnies_informationApp";
			};
			name = Release;
		};
		344FEFE823EB19C2008B4014 /* Debug */ = {
			isa = XCBuildConfiguration;
			buildSettings = {
				ALWAYS_EMBED_SWIFT_STANDARD_LIBRARIES = YES;
				CODE_SIGN_STYLE = Automatic;
				INFOPLIST_FILE = cybozu_compnies_informationAppUITests/Info.plist;
				LD_RUNPATH_SEARCH_PATHS = (
					"$(inherited)",
					"@executable_path/Frameworks",
					"@loader_path/Frameworks",
				);
				PRODUCT_BUNDLE_IDENTIFIER = "com.cybozu-compnies-informationAppUITests";
				PRODUCT_NAME = "$(TARGET_NAME)";
				SWIFT_VERSION = 5.0;
				TARGETED_DEVICE_FAMILY = "1,2";
				TEST_TARGET_NAME = cybozu_compnies_informationApp;
			};
			name = Debug;
		};
		344FEFE923EB19C2008B4014 /* Release */ = {
			isa = XCBuildConfiguration;
			buildSettings = {
				ALWAYS_EMBED_SWIFT_STANDARD_LIBRARIES = YES;
				CODE_SIGN_STYLE = Automatic;
				INFOPLIST_FILE = cybozu_compnies_informationAppUITests/Info.plist;
				LD_RUNPATH_SEARCH_PATHS = (
					"$(inherited)",
					"@executable_path/Frameworks",
					"@loader_path/Frameworks",
				);
				PRODUCT_BUNDLE_IDENTIFIER = "com.cybozu-compnies-informationAppUITests";
				PRODUCT_NAME = "$(TARGET_NAME)";
				SWIFT_VERSION = 5.0;
				TARGETED_DEVICE_FAMILY = "1,2";
				TEST_TARGET_NAME = cybozu_compnies_informationApp;
			};
			name = Release;
		};
/* End XCBuildConfiguration section */

/* Begin XCConfigurationList section */
		344FEFB223EB19C0008B4014 /* Build configuration list for PBXProject "cybozu_compnies_informationApp" */ = {
			isa = XCConfigurationList;
			buildConfigurations = (
				344FEFDF23EB19C2008B4014 /* Debug */,
				344FEFE023EB19C2008B4014 /* Release */,
			);
			defaultConfigurationIsVisible = 0;
			defaultConfigurationName = Release;
		};
		344FEFE123EB19C2008B4014 /* Build configuration list for PBXNativeTarget "cybozu_compnies_informationApp" */ = {
			isa = XCConfigurationList;
			buildConfigurations = (
				344FEFE223EB19C2008B4014 /* Debug */,
				344FEFE323EB19C2008B4014 /* Release */,
			);
			defaultConfigurationIsVisible = 0;
			defaultConfigurationName = Release;
		};
		344FEFE423EB19C2008B4014 /* Build configuration list for PBXNativeTarget "cybozu_compnies_informationAppTests" */ = {
			isa = XCConfigurationList;
			buildConfigurations = (
				344FEFE523EB19C2008B4014 /* Debug */,
				344FEFE623EB19C2008B4014 /* Release */,
			);
			defaultConfigurationIsVisible = 0;
			defaultConfigurationName = Release;
		};
		344FEFE723EB19C2008B4014 /* Build configuration list for PBXNativeTarget "cybozu_compnies_informationAppUITests" */ = {
			isa = XCConfigurationList;
			buildConfigurations = (
				344FEFE823EB19C2008B4014 /* Debug */,
				344FEFE923EB19C2008B4014 /* Release */,
			);
			defaultConfigurationIsVisible = 0;
			defaultConfigurationName = Release;
		};
/* End XCConfigurationList section */
	};
	rootObject = 344FEFAF23EB19C0008B4014 /* Project object */;
}
